
Microsoft Visual Studio Solution File, Format Version 12.00
# Visual Studio Version 16
VisualStudioVersion = 16.0.29001.49
MinimumVisualStudioVersion = 10.0.40219.1
Project("{8BC9CEB8-8B4A-11D0-8D11-00A0C91BC942}") = "4tris", "4tris.vcxproj", "{62442A4E-3D20-4E50-915F-F3AEDE482024}"
EndProject
Global
	GlobalSection(SolutionConfigurationPlatforms) = preSolution
		Debug|x64 = Debug|x64
		Debug|x86 = Debug|x86
		Release|x64 = Release|x64
		Release|x86 = Release|x86
	EndGlobalSection
	GlobalSection(ProjectConfigurationPlatforms) = postSolution
		{62442A4E-3D20-4E50-915F-F3AEDE482024}.Debug|x64.ActiveCfg = Debug|x64
		{62442A4E-3D20-4E50-915F-F3AEDE482024}.Debug|x64.Build.0 = Debug|x64
		{62442A4E-3D20-4E50-915F-F3AEDE482024}.Debug|x86.ActiveCfg = Debug|Win32
		{62442A4E-3D20-4E50-915F-F3AEDE482024}.Debug|x86.Build.0 = Debug|Win32
		{62442A4E-3D20-4E50-915F-F3AEDE482024}.Release|x64.ActiveCfg = Release|x64
		{62442A4E-3D20-4E50-915F-F3AEDE482024}.Release|x64.Build.0 = Release|x64
		{62442A4E-3D20-4E50-915F-F3AEDE482024}.Release|x86.ActiveCfg = Release|Win32
		{62442A4E-3D20-4E50-915F-F3AEDE482024}.Release|x86.Build.0 = Release|Win32
	EndGlobalSection
	GlobalSection(SolutionProperties) = preSolution
		HideSolutionNode = FALSE
	EndGlobalSection
	GlobalSection(ExtensibilityGlobals) = postSolution
		SolutionGuid = {D31EBE2F-E369-404A-BDF7-B70AFC2D2CB7}
	EndGlobalSection
EndGlobal
